// !$*UTF8*$!
{
	archiveVersion = 1;
	classes = {
	};
	objectVersion = 46;
	objects = {

/* Begin PBXBuildFile section */
		0E44D6F911A82CE8AD9ADA57 /* Pods_Makestagram.framework in Frameworks */ = {isa = PBXBuildFile; fileRef = A9C87B3B57A1B95733C52DB1 /* Pods_Makestagram.framework */; };
		6C0FAEA61EF86FF50085583E /* AppDelegate.swift in Sources */ = {isa = PBXBuildFile; fileRef = 6C0FAEA51EF86FF50085583E /* AppDelegate.swift */; };
		6C0FAEAD1EF86FF50085583E /* Assets.xcassets in Resources */ = {isa = PBXBuildFile; fileRef = 6C0FAEAC1EF86FF50085583E /* Assets.xcassets */; };
		6C6C25931EFC313900127FD2 /* Home.storyboard in Resources */ = {isa = PBXBuildFile; fileRef = 6C6C25921EFC313900127FD2 /* Home.storyboard */; };
		6C6C25951EFC337A00127FD2 /* HomeViewController.swift in Sources */ = {isa = PBXBuildFile; fileRef = 6C6C25941EFC337A00127FD2 /* HomeViewController.swift */; };
		6C6C25981EFC397200127FD2 /* PostImageCell.swift in Sources */ = {isa = PBXBuildFile; fileRef = 6C6C25971EFC397200127FD2 /* PostImageCell.swift */; };
		6C6C259A1EFC3FEB00127FD2 /* PostHeaderCell.swift in Sources */ = {isa = PBXBuildFile; fileRef = 6C6C25991EFC3FEB00127FD2 /* PostHeaderCell.swift */; };
		6C6C259D1EFC42C100127FD2 /* btn_heart_black_outline.png in Resources */ = {isa = PBXBuildFile; fileRef = 6C6C259C1EFC42C100127FD2 /* btn_heart_black_outline.png */; };
		6C6C259F1EFC476E00127FD2 /* PostActionCell.swift in Sources */ = {isa = PBXBuildFile; fileRef = 6C6C259E1EFC476E00127FD2 /* PostActionCell.swift */; };
		6C6C25A11EFC6A6800127FD2 /* LikeService.swift in Sources */ = {isa = PBXBuildFile; fileRef = 6C6C25A01EFC6A6800127FD2 /* LikeService.swift */; };
		6C6C25A31EFC83B400127FD2 /* FollowService.swift in Sources */ = {isa = PBXBuildFile; fileRef = 6C6C25A21EFC83B400127FD2 /* FollowService.swift */; };
		6C6C25A51EFC873D00127FD2 /* FindFriendsViewController.swift in Sources */ = {isa = PBXBuildFile; fileRef = 6C6C25A41EFC873D00127FD2 /* FindFriendsViewController.swift */; };
		6C6C25AD1EFC894200127FD2 /* Main.storyboard in Resources */ = {isa = PBXBuildFile; fileRef = 6C6C25AC1EFC894200127FD2 /* Main.storyboard */; };
		6C6C25AF1EFC896600127FD2 /* FindFriends.storyboard in Resources */ = {isa = PBXBuildFile; fileRef = 6C6C25AE1EFC896600127FD2 /* FindFriends.storyboard */; };
		6C6C25B11EFC8BCB00127FD2 /* FindFriendsCell.swift in Sources */ = {isa = PBXBuildFile; fileRef = 6C6C25B01EFC8BCB00127FD2 /* FindFriendsCell.swift */; };
		6C7EEF111EFA3A9D008C465B /* Storyboard+Utility.swift in Sources */ = {isa = PBXBuildFile; fileRef = 6C7EEF101EFA3A9D008C465B /* Storyboard+Utility.swift */; };
		6C7EEF131EFA3E5D008C465B /* LaunchScreen.storyboard in Resources */ = {isa = PBXBuildFile; fileRef = 6C7EEF121EFA3E5D008C465B /* LaunchScreen.storyboard */; };
		6C7EEF151EFAED70008C465B /* MainTabBarController.swift in Sources */ = {isa = PBXBuildFile; fileRef = 6C7EEF141EFAED70008C465B /* MainTabBarController.swift */; };
		6C7EEF171EFAF768008C465B /* MGPhotoHelper.swift in Sources */ = {isa = PBXBuildFile; fileRef = 6C7EEF161EFAF768008C465B /* MGPhotoHelper.swift */; };
		6C7EEF1A1EFB318B008C465B /* StorageService.swift in Sources */ = {isa = PBXBuildFile; fileRef = 6C7EEF191EFB318B008C465B /* StorageService.swift */; };
		6C7EEF1C1EFB32A8008C465B /* PostService.swift in Sources */ = {isa = PBXBuildFile; fileRef = 6C7EEF1B1EFB32A8008C465B /* PostService.swift */; };
		6C9EAFC81EFE286D0095B10C /* DatabaseReference+Location.swift in Sources */ = {isa = PBXBuildFile; fileRef = 6C9EAFC71EFE286D0095B10C /* DatabaseReference+Location.swift */; };
		6C9EAFCA1EFF85270095B10C /* UITableView+Utility.swift in Sources */ = {isa = PBXBuildFile; fileRef = 6C9EAFC91EFF85270095B10C /* UITableView+Utility.swift */; };
		6C9EAFCC1F0085730095B10C /* MGPaginationHelper.swift in Sources */ = {isa = PBXBuildFile; fileRef = 6C9EAFCB1F0085730095B10C /* MGPaginationHelper.swift */; };
		6C9EAFD81F00B78F0095B10C /* OpenSans-Bold.ttf in Resources */ = {isa = PBXBuildFile; fileRef = 6C9EAFCE1F00B78F0095B10C /* OpenSans-Bold.ttf */; };
		6C9EAFD91F00B78F0095B10C /* OpenSans-BoldItalic.ttf in Resources */ = {isa = PBXBuildFile; fileRef = 6C9EAFCF1F00B78F0095B10C /* OpenSans-BoldItalic.ttf */; };
		6C9EAFDA1F00B78F0095B10C /* OpenSans-ExtraBold.ttf in Resources */ = {isa = PBXBuildFile; fileRef = 6C9EAFD01F00B78F0095B10C /* OpenSans-ExtraBold.ttf */; };
		6C9EAFDB1F00B78F0095B10C /* OpenSans-ExtraBoldItalic.ttf in Resources */ = {isa = PBXBuildFile; fileRef = 6C9EAFD11F00B78F0095B10C /* OpenSans-ExtraBoldItalic.ttf */; };
		6C9EAFDC1F00B78F0095B10C /* OpenSans-Italic.ttf in Resources */ = {isa = PBXBuildFile; fileRef = 6C9EAFD21F00B78F0095B10C /* OpenSans-Italic.ttf */; };
		6C9EAFDD1F00B78F0095B10C /* OpenSans-Light.ttf in Resources */ = {isa = PBXBuildFile; fileRef = 6C9EAFD31F00B78F0095B10C /* OpenSans-Light.ttf */; };
		6C9EAFDE1F00B78F0095B10C /* OpenSans-LightItalic.ttf in Resources */ = {isa = PBXBuildFile; fileRef = 6C9EAFD41F00B78F0095B10C /* OpenSans-LightItalic.ttf */; };
		6C9EAFDF1F00B78F0095B10C /* OpenSans-Regular.ttf in Resources */ = {isa = PBXBuildFile; fileRef = 6C9EAFD51F00B78F0095B10C /* OpenSans-Regular.ttf */; };
		6C9EAFE01F00B78F0095B10C /* OpenSans-Semibold.ttf in Resources */ = {isa = PBXBuildFile; fileRef = 6C9EAFD61F00B78F0095B10C /* OpenSans-Semibold.ttf */; };
		6C9EAFE11F00B78F0095B10C /* OpenSans-SemiboldItalic.ttf in Resources */ = {isa = PBXBuildFile; fileRef = 6C9EAFD71F00B78F0095B10C /* OpenSans-SemiboldItalic.ttf */; };
		6C9EAFE31F00BA630095B10C /* UIColor+Utility.swift in Sources */ = {isa = PBXBuildFile; fileRef = 6C9EAFE21F00BA630095B10C /* UIColor+Utility.swift */; };
		6C9EAFE51F00BB7F0095B10C /* UIFont+Utility.swift in Sources */ = {isa = PBXBuildFile; fileRef = 6C9EAFE41F00BB7F0095B10C /* UIFont+Utility.swift */; };
		6C9EAFE71F00C6140095B10C /* ProfileViewController.swift in Sources */ = {isa = PBXBuildFile; fileRef = 6C9EAFE61F00C6140095B10C /* ProfileViewController.swift */; };
		6C9EAFE91F00C7BF0095B10C /* Profile.storyboard in Resources */ = {isa = PBXBuildFile; fileRef = 6C9EAFE81F00C7BF0095B10C /* Profile.storyboard */; };
		6C9EAFEB1F00C9360095B10C /* PostThumbImageCell.swift in Sources */ = {isa = PBXBuildFile; fileRef = 6C9EAFEA1F00C9360095B10C /* PostThumbImageCell.swift */; };
		6C9EAFED1F00CC660095B10C /* ProfileHeaderView.swift in Sources */ = {isa = PBXBuildFile; fileRef = 6C9EAFEC1F00CC660095B10C /* ProfileHeaderView.swift */; };
		6CADC46C1F6704D800047454 /* Chat.swift in Sources */ = {isa = PBXBuildFile; fileRef = 6CADC46B1F6704D800047454 /* Chat.swift */; };
		6CC8FFF71EF9D0610001D472 /* UserServices.swift in Sources */ = {isa = PBXBuildFile; fileRef = 6CC8FFF61EF9D0610001D472 /* UserServices.swift */; };
		6CC8FFF91EF9D82A0001D472 /* Constants.swift in Sources */ = {isa = PBXBuildFile; fileRef = 6CC8FFF81EF9D82A0001D472 /* Constants.swift */; };
		6CDD1E5C1EF878B2004811A0 /* GoogleService-Info.plist in Resources */ = {isa = PBXBuildFile; fileRef = 6CDD1E5A1EF878B2004811A0 /* GoogleService-Info.plist */; };
		6CDD1E621EF87C37004811A0 /* Login.storyboard in Resources */ = {isa = PBXBuildFile; fileRef = 6CDD1E611EF87C37004811A0 /* Login.storyboard */; };
		6CDD1E641EF87D5A004811A0 /* LoginViewController.swift in Sources */ = {isa = PBXBuildFile; fileRef = 6CDD1E631EF87D5A004811A0 /* LoginViewController.swift */; };
		6CEF83B41EFB389C00FE0390 /* Post.swift in Sources */ = {isa = PBXBuildFile; fileRef = 6CEF83B31EFB389C00FE0390 /* Post.swift */; };
		6CEF83B61EFB3C3900FE0390 /* UIImage+Size.swift in Sources */ = {isa = PBXBuildFile; fileRef = 6CEF83B51EFB3C3900FE0390 /* UIImage+Size.swift */; };
		6CEF83B81EFB3CF200FE0390 /* StorageReference+Post.swift in Sources */ = {isa = PBXBuildFile; fileRef = 6CEF83B71EFB3CF200FE0390 /* StorageReference+Post.swift */; };
		6CF8DA891EF99292006B3DD9 /* User.swift in Sources */ = {isa = PBXBuildFile; fileRef = 6CF8DA881EF99292006B3DD9 /* User.swift */; };
		6CF8DA8B1EF9A5A5006B3DD9 /* CreateUsernameViewController.swift in Sources */ = {isa = PBXBuildFile; fileRef = 6CF8DA8A1EF9A5A5006B3DD9 /* CreateUsernameViewController.swift */; };
/* End PBXBuildFile section */

/* Begin PBXFileReference section */
		48A0219BC15ABB4EAAE5BE18 /* Pods-Makestagram.release.xcconfig */ = {isa = PBXFileReference; includeInIndex = 1; lastKnownFileType = text.xcconfig; name = "Pods-Makestagram.release.xcconfig"; path = "Pods/Target Support Files/Pods-Makestagram/Pods-Makestagram.release.xcconfig"; sourceTree = "<group>"; };
		6C0FAEA21EF86FF50085583E /* Makestagram.app */ = {isa = PBXFileReference; explicitFileType = wrapper.application; includeInIndex = 0; path = Makestagram.app; sourceTree = BUILT_PRODUCTS_DIR; };
		6C0FAEA51EF86FF50085583E /* AppDelegate.swift */ = {isa = PBXFileReference; lastKnownFileType = sourcecode.swift; path = AppDelegate.swift; sourceTree = "<group>"; };
		6C0FAEAC1EF86FF50085583E /* Assets.xcassets */ = {isa = PBXFileReference; lastKnownFileType = folder.assetcatalog; path = Assets.xcassets; sourceTree = "<group>"; };
		6C6C25921EFC313900127FD2 /* Home.storyboard */ = {isa = PBXFileReference; fileEncoding = 4; lastKnownFileType = file.storyboard; path = Home.storyboard; sourceTree = "<group>"; };
		6C6C25941EFC337A00127FD2 /* HomeViewController.swift */ = {isa = PBXFileReference; fileEncoding = 4; lastKnownFileType = sourcecode.swift; name = HomeViewController.swift; path = Controllers/HomeViewController.swift; sourceTree = "<group>"; };
		6C6C25971EFC397200127FD2 /* PostImageCell.swift */ = {isa = PBXFileReference; fileEncoding = 4; lastKnownFileType = sourcecode.swift; name = PostImageCell.swift; path = Views/PostImageCell.swift; sourceTree = "<group>"; };
		6C6C25991EFC3FEB00127FD2 /* PostHeaderCell.swift */ = {isa = PBXFileReference; fileEncoding = 4; lastKnownFileType = sourcecode.swift; name = PostHeaderCell.swift; path = Views/PostHeaderCell.swift; sourceTree = "<group>"; };
		6C6C259C1EFC42C100127FD2 /* btn_heart_black_outline.png */ = {isa = PBXFileReference; lastKnownFileType = image.png; path = btn_heart_black_outline.png; sourceTree = "<group>"; };
		6C6C259E1EFC476E00127FD2 /* PostActionCell.swift */ = {isa = PBXFileReference; fileEncoding = 4; lastKnownFileType = sourcecode.swift; name = PostActionCell.swift; path = Views/PostActionCell.swift; sourceTree = "<group>"; };
		6C6C25A01EFC6A6800127FD2 /* LikeService.swift */ = {isa = PBXFileReference; fileEncoding = 4; lastKnownFileType = sourcecode.swift; name = LikeService.swift; path = Services/LikeService.swift; sourceTree = "<group>"; };
		6C6C25A21EFC83B400127FD2 /* FollowService.swift */ = {isa = PBXFileReference; fileEncoding = 4; lastKnownFileType = sourcecode.swift; name = FollowService.swift; path = Services/FollowService.swift; sourceTree = "<group>"; };
		6C6C25A41EFC873D00127FD2 /* FindFriendsViewController.swift */ = {isa = PBXFileReference; fileEncoding = 4; lastKnownFileType = sourcecode.swift; name = FindFriendsViewController.swift; path = Controllers/FindFriendsViewController.swift; sourceTree = "<group>"; };
		6C6C25AC1EFC894200127FD2 /* Main.storyboard */ = {isa = PBXFileReference; fileEncoding = 4; lastKnownFileType = file.storyboard; name = Main.storyboard; path = Storyboards/Main.storyboard; sourceTree = "<group>"; };
		6C6C25AE1EFC896600127FD2 /* FindFriends.storyboard */ = {isa = PBXFileReference; fileEncoding = 4; lastKnownFileType = file.storyboard; name = FindFriends.storyboard; path = Storyboards/FindFriends.storyboard; sourceTree = "<group>"; };
		6C6C25B01EFC8BCB00127FD2 /* FindFriendsCell.swift */ = {isa = PBXFileReference; fileEncoding = 4; lastKnownFileType = sourcecode.swift; name = FindFriendsCell.swift; path = Views/FindFriendsCell.swift; sourceTree = "<group>"; };
		6C7EEF101EFA3A9D008C465B /* Storyboard+Utility.swift */ = {isa = PBXFileReference; fileEncoding = 4; lastKnownFileType = sourcecode.swift; name = "Storyboard+Utility.swift"; path = "Extensions/Storyboard+Utility.swift"; sourceTree = "<group>"; };
		6C7EEF121EFA3E5D008C465B /* LaunchScreen.storyboard */ = {isa = PBXFileReference; fileEncoding = 4; lastKnownFileType = file.storyboard; name = LaunchScreen.storyboard; path = Storyboards/LaunchScreen.storyboard; sourceTree = "<group>"; };
		6C7EEF141EFAED70008C465B /* MainTabBarController.swift */ = {isa = PBXFileReference; fileEncoding = 4; lastKnownFileType = sourcecode.swift; name = MainTabBarController.swift; path = Controllers/MainTabBarController.swift; sourceTree = "<group>"; };
		6C7EEF161EFAF768008C465B /* MGPhotoHelper.swift */ = {isa = PBXFileReference; fileEncoding = 4; lastKnownFileType = sourcecode.swift; name = MGPhotoHelper.swift; path = Helpers/MGPhotoHelper.swift; sourceTree = "<group>"; };
		6C7EEF191EFB318B008C465B /* StorageService.swift */ = {isa = PBXFileReference; fileEncoding = 4; lastKnownFileType = sourcecode.swift; name = StorageService.swift; path = Services/StorageService.swift; sourceTree = "<group>"; };
		6C7EEF1B1EFB32A8008C465B /* PostService.swift */ = {isa = PBXFileReference; fileEncoding = 4; lastKnownFileType = sourcecode.swift; name = PostService.swift; path = Services/PostService.swift; sourceTree = "<group>"; };
		6C9EAFC71EFE286D0095B10C /* DatabaseReference+Location.swift */ = {isa = PBXFileReference; fileEncoding = 4; lastKnownFileType = sourcecode.swift; name = "DatabaseReference+Location.swift"; path = "Extensions/DatabaseReference+Location.swift"; sourceTree = "<group>"; };
		6C9EAFC91EFF85270095B10C /* UITableView+Utility.swift */ = {isa = PBXFileReference; fileEncoding = 4; lastKnownFileType = sourcecode.swift; name = "UITableView+Utility.swift"; path = "Extensions/UITableView+Utility.swift"; sourceTree = "<group>"; };
		6C9EAFCB1F0085730095B10C /* MGPaginationHelper.swift */ = {isa = PBXFileReference; fileEncoding = 4; lastKnownFileType = sourcecode.swift; name = MGPaginationHelper.swift; path = Helpers/MGPaginationHelper.swift; sourceTree = "<group>"; };
		6C9EAFCE1F00B78F0095B10C /* OpenSans-Bold.ttf */ = {isa = PBXFileReference; lastKnownFileType = file; name = "OpenSans-Bold.ttf"; path = "Resources/OpenSans-Bold.ttf"; sourceTree = "<group>"; };
		6C9EAFCF1F00B78F0095B10C /* OpenSans-BoldItalic.ttf */ = {isa = PBXFileReference; lastKnownFileType = file; name = "OpenSans-BoldItalic.ttf"; path = "Resources/OpenSans-BoldItalic.ttf"; sourceTree = "<group>"; };
		6C9EAFD01F00B78F0095B10C /* OpenSans-ExtraBold.ttf */ = {isa = PBXFileReference; lastKnownFileType = file; name = "OpenSans-ExtraBold.ttf"; path = "Resources/OpenSans-ExtraBold.ttf"; sourceTree = "<group>"; };
		6C9EAFD11F00B78F0095B10C /* OpenSans-ExtraBoldItalic.ttf */ = {isa = PBXFileReference; lastKnownFileType = file; name = "OpenSans-ExtraBoldItalic.ttf"; path = "Resources/OpenSans-ExtraBoldItalic.ttf"; sourceTree = "<group>"; };
		6C9EAFD21F00B78F0095B10C /* OpenSans-Italic.ttf */ = {isa = PBXFileReference; lastKnownFileType = file; name = "OpenSans-Italic.ttf"; path = "Resources/OpenSans-Italic.ttf"; sourceTree = "<group>"; };
		6C9EAFD31F00B78F0095B10C /* OpenSans-Light.ttf */ = {isa = PBXFileReference; lastKnownFileType = file; name = "OpenSans-Light.ttf"; path = "Resources/OpenSans-Light.ttf"; sourceTree = "<group>"; };
		6C9EAFD41F00B78F0095B10C /* OpenSans-LightItalic.ttf */ = {isa = PBXFileReference; lastKnownFileType = file; name = "OpenSans-LightItalic.ttf"; path = "Resources/OpenSans-LightItalic.ttf"; sourceTree = "<group>"; };
		6C9EAFD51F00B78F0095B10C /* OpenSans-Regular.ttf */ = {isa = PBXFileReference; lastKnownFileType = file; name = "OpenSans-Regular.ttf"; path = "Resources/OpenSans-Regular.ttf"; sourceTree = "<group>"; };
		6C9EAFD61F00B78F0095B10C /* OpenSans-Semibold.ttf */ = {isa = PBXFileReference; lastKnownFileType = file; name = "OpenSans-Semibold.ttf"; path = "Resources/OpenSans-Semibold.ttf"; sourceTree = "<group>"; };
		6C9EAFD71F00B78F0095B10C /* OpenSans-SemiboldItalic.ttf */ = {isa = PBXFileReference; lastKnownFileType = file; name = "OpenSans-SemiboldItalic.ttf"; path = "Resources/OpenSans-SemiboldItalic.ttf"; sourceTree = "<group>"; };
		6C9EAFE21F00BA630095B10C /* UIColor+Utility.swift */ = {isa = PBXFileReference; fileEncoding = 4; lastKnownFileType = sourcecode.swift; name = "UIColor+Utility.swift"; path = "Extensions/UIColor+Utility.swift"; sourceTree = "<group>"; };
		6C9EAFE41F00BB7F0095B10C /* UIFont+Utility.swift */ = {isa = PBXFileReference; fileEncoding = 4; lastKnownFileType = sourcecode.swift; name = "UIFont+Utility.swift"; path = "Extensions/UIFont+Utility.swift"; sourceTree = "<group>"; };
		6C9EAFE61F00C6140095B10C /* ProfileViewController.swift */ = {isa = PBXFileReference; fileEncoding = 4; lastKnownFileType = sourcecode.swift; name = ProfileViewController.swift; path = Controllers/ProfileViewController.swift; sourceTree = "<group>"; };
		6C9EAFE81F00C7BF0095B10C /* Profile.storyboard */ = {isa = PBXFileReference; fileEncoding = 4; lastKnownFileType = file.storyboard; name = Profile.storyboard; path = Storyboards/Profile.storyboard; sourceTree = "<group>"; };
		6C9EAFEA1F00C9360095B10C /* PostThumbImageCell.swift */ = {isa = PBXFileReference; fileEncoding = 4; lastKnownFileType = sourcecode.swift; name = PostThumbImageCell.swift; path = Views/PostThumbImageCell.swift; sourceTree = "<group>"; };
		6C9EAFEC1F00CC660095B10C /* ProfileHeaderView.swift */ = {isa = PBXFileReference; fileEncoding = 4; lastKnownFileType = sourcecode.swift; name = ProfileHeaderView.swift; path = Views/ProfileHeaderView.swift; sourceTree = "<group>"; };
		6CADC46B1F6704D800047454 /* Chat.swift */ = {isa = PBXFileReference; fileEncoding = 4; lastKnownFileType = sourcecode.swift; name = Chat.swift; path = Models/Chat.swift; sourceTree = "<group>"; };
		6CC8FFF61EF9D0610001D472 /* UserServices.swift */ = {isa = PBXFileReference; fileEncoding = 4; lastKnownFileType = sourcecode.swift; name = UserServices.swift; path = Controllers/UserServices.swift; sourceTree = "<group>"; };
		6CC8FFF81EF9D82A0001D472 /* Constants.swift */ = {isa = PBXFileReference; fileEncoding = 4; lastKnownFileType = sourcecode.swift; path = Constants.swift; sourceTree = "<group>"; };
		6CDD1E5A1EF878B2004811A0 /* GoogleService-Info.plist */ = {isa = PBXFileReference; fileEncoding = 4; lastKnownFileType = text.plist.xml; name = "GoogleService-Info.plist"; path = "Supporting/GoogleService-Info.plist"; sourceTree = "<group>"; };
		6CDD1E5B1EF878B2004811A0 /* Info.plist */ = {isa = PBXFileReference; fileEncoding = 4; lastKnownFileType = text.plist.xml; name = Info.plist; path = Supporting/Info.plist; sourceTree = "<group>"; };
		6CDD1E611EF87C37004811A0 /* Login.storyboard */ = {isa = PBXFileReference; fileEncoding = 4; lastKnownFileType = file.storyboard; name = Login.storyboard; path = Storyboards/Login.storyboard; sourceTree = "<group>"; };
		6CDD1E631EF87D5A004811A0 /* LoginViewController.swift */ = {isa = PBXFileReference; fileEncoding = 4; lastKnownFileType = sourcecode.swift; name = LoginViewController.swift; path = Controllers/LoginViewController.swift; sourceTree = "<group>"; };
		6CEF83B31EFB389C00FE0390 /* Post.swift */ = {isa = PBXFileReference; fileEncoding = 4; lastKnownFileType = sourcecode.swift; name = Post.swift; path = Models/Post.swift; sourceTree = "<group>"; };
		6CEF83B51EFB3C3900FE0390 /* UIImage+Size.swift */ = {isa = PBXFileReference; fileEncoding = 4; lastKnownFileType = sourcecode.swift; name = "UIImage+Size.swift"; path = "Extensions/UIImage+Size.swift"; sourceTree = "<group>"; };
		6CEF83B71EFB3CF200FE0390 /* StorageReference+Post.swift */ = {isa = PBXFileReference; fileEncoding = 4; lastKnownFileType = sourcecode.swift; name = "StorageReference+Post.swift"; path = "Extensions/StorageReference+Post.swift"; sourceTree = "<group>"; };
		6CF8DA881EF99292006B3DD9 /* User.swift */ = {isa = PBXFileReference; fileEncoding = 4; lastKnownFileType = sourcecode.swift; path = User.swift; sourceTree = "<group>"; };
		6CF8DA8A1EF9A5A5006B3DD9 /* CreateUsernameViewController.swift */ = {isa = PBXFileReference; fileEncoding = 4; lastKnownFileType = sourcecode.swift; name = CreateUsernameViewController.swift; path = Controllers/CreateUsernameViewController.swift; sourceTree = "<group>"; };
		A9C87B3B57A1B95733C52DB1 /* Pods_Makestagram.framework */ = {isa = PBXFileReference; explicitFileType = wrapper.framework; includeInIndex = 0; path = Pods_Makestagram.framework; sourceTree = BUILT_PRODUCTS_DIR; };
		BE4019C993B2CED5D217AAB2 /* Pods-Makestagram.debug.xcconfig */ = {isa = PBXFileReference; includeInIndex = 1; lastKnownFileType = text.xcconfig; name = "Pods-Makestagram.debug.xcconfig"; path = "Pods/Target Support Files/Pods-Makestagram/Pods-Makestagram.debug.xcconfig"; sourceTree = "<group>"; };
/* End PBXFileReference section */

/* Begin PBXFrameworksBuildPhase section */
		6C0FAE9F1EF86FF50085583E /* Frameworks */ = {
			isa = PBXFrameworksBuildPhase;
			buildActionMask = 2147483647;
			files = (
				0E44D6F911A82CE8AD9ADA57 /* Pods_Makestagram.framework in Frameworks */,
			);
			runOnlyForDeploymentPostprocessing = 0;
		};
/* End PBXFrameworksBuildPhase section */

/* Begin PBXGroup section */
		0E323FA047A678F69C1997AA /* Frameworks */ = {
			isa = PBXGroup;
			children = (
				A9C87B3B57A1B95733C52DB1 /* Pods_Makestagram.framework */,
			);
			name = Frameworks;
			sourceTree = "<group>";
		};
		288C5F1A3308B84E952E7D9D /* Pods */ = {
			isa = PBXGroup;
			children = (
				BE4019C993B2CED5D217AAB2 /* Pods-Makestagram.debug.xcconfig */,
				48A0219BC15ABB4EAAE5BE18 /* Pods-Makestagram.release.xcconfig */,
			);
			name = Pods;
			sourceTree = "<group>";
		};
		6C0FAE991EF86FF50085583E = {
			isa = PBXGroup;
			children = (
				6C0FAEA41EF86FF50085583E /* Makestagram */,
				6C0FAEA31EF86FF50085583E /* Products */,
				288C5F1A3308B84E952E7D9D /* Pods */,
				0E323FA047A678F69C1997AA /* Frameworks */,
			);
			sourceTree = "<group>";
		};
		6C0FAEA31EF86FF50085583E /* Products */ = {
			isa = PBXGroup;
			children = (
				6C0FAEA21EF86FF50085583E /* Makestagram.app */,
			);
			name = Products;
			sourceTree = "<group>";
		};
		6C0FAEA41EF86FF50085583E /* Makestagram */ = {
			isa = PBXGroup;
			children = (
				6C9EAFCD1F00B6EE0095B10C /* Resources */,
				6C6C259B1EFC428600127FD2 /* Images */,
				6C6C25961EFC395E00127FD2 /* Views */,
				6CEF83B21EFB387700FE0390 /* Models */,
				6C7EEF181EFAF774008C465B /* Helpers */,
				6CC8FFFA1EF9D90A0001D472 /* Extensions */,
				6CC8FFF51EF9D00C0001D472 /* Services */,
				6CDD1E601EF879A4004811A0 /* Supporting Files */,
				6CDD1E5F1EF87991004811A0 /* Storyboards */,
				6CDD1E5E1EF87975004811A0 /* View Controllers */,
				6C0FAEA51EF86FF50085583E /* AppDelegate.swift */,
				6C0FAEAC1EF86FF50085583E /* Assets.xcassets */,
			);
			path = Makestagram;
			sourceTree = "<group>";
		};
		6C6C25961EFC395E00127FD2 /* Views */ = {
			isa = PBXGroup;
			children = (
				6C6C25971EFC397200127FD2 /* PostImageCell.swift */,
				6C9EAFEC1F00CC660095B10C /* ProfileHeaderView.swift */,
				6C9EAFEA1F00C9360095B10C /* PostThumbImageCell.swift */,
				6C6C25B01EFC8BCB00127FD2 /* FindFriendsCell.swift */,
				6C6C259E1EFC476E00127FD2 /* PostActionCell.swift */,
				6C6C25991EFC3FEB00127FD2 /* PostHeaderCell.swift */,
			);
			name = Views;
			sourceTree = "<group>";
		};
		6C6C259B1EFC428600127FD2 /* Images */ = {
			isa = PBXGroup;
			children = (
				6C6C259C1EFC42C100127FD2 /* btn_heart_black_outline.png */,
			);
			name = Images;
			sourceTree = "<group>";
		};
		6C7EEF181EFAF774008C465B /* Helpers */ = {
			isa = PBXGroup;
			children = (
				6C7EEF161EFAF768008C465B /* MGPhotoHelper.swift */,
				6C9EAFCB1F0085730095B10C /* MGPaginationHelper.swift */,
			);
			name = Helpers;
			sourceTree = "<group>";
		};
		6C9EAFCD1F00B6EE0095B10C /* Resources */ = {
			isa = PBXGroup;
			children = (
				6C9EAFCE1F00B78F0095B10C /* OpenSans-Bold.ttf */,
				6C9EAFCF1F00B78F0095B10C /* OpenSans-BoldItalic.ttf */,
				6C9EAFD01F00B78F0095B10C /* OpenSans-ExtraBold.ttf */,
				6C9EAFD11F00B78F0095B10C /* OpenSans-ExtraBoldItalic.ttf */,
				6C9EAFD21F00B78F0095B10C /* OpenSans-Italic.ttf */,
				6C9EAFD31F00B78F0095B10C /* OpenSans-Light.ttf */,
				6C9EAFD41F00B78F0095B10C /* OpenSans-LightItalic.ttf */,
				6C9EAFD51F00B78F0095B10C /* OpenSans-Regular.ttf */,
				6C9EAFD61F00B78F0095B10C /* OpenSans-Semibold.ttf */,
				6C9EAFD71F00B78F0095B10C /* OpenSans-SemiboldItalic.ttf */,
			);
			name = Resources;
			sourceTree = "<group>";
		};
		6CC8FFF51EF9D00C0001D472 /* Services */ = {
			isa = PBXGroup;
			children = (
				6CC8FFF61EF9D0610001D472 /* UserServices.swift */,
				6C7EEF191EFB318B008C465B /* StorageService.swift */,
				6C7EEF1B1EFB32A8008C465B /* PostService.swift */,
				6C6C25A01EFC6A6800127FD2 /* LikeService.swift */,
				6C6C25A21EFC83B400127FD2 /* FollowService.swift */,
			);
			name = Services;
			sourceTree = "<group>";
		};
		6CC8FFFA1EF9D90A0001D472 /* Extensions */ = {
			isa = PBXGroup;
			children = (
				6C7EEF101EFA3A9D008C465B /* Storyboard+Utility.swift */,
				6C9EAFE41F00BB7F0095B10C /* UIFont+Utility.swift */,
				6C9EAFE21F00BA630095B10C /* UIColor+Utility.swift */,
				6C9EAFC91EFF85270095B10C /* UITableView+Utility.swift */,
				6C9EAFC71EFE286D0095B10C /* DatabaseReference+Location.swift */,
				6CEF83B71EFB3CF200FE0390 /* StorageReference+Post.swift */,
				6CEF83B51EFB3C3900FE0390 /* UIImage+Size.swift */,
			);
			name = Extensions;
			sourceTree = "<group>";
		};
		6CDD1E5E1EF87975004811A0 /* View Controllers */ = {
			isa = PBXGroup;
			children = (
				6CDD1E631EF87D5A004811A0 /* LoginViewController.swift */,
				6C9EAFE61F00C6140095B10C /* ProfileViewController.swift */,
				6C6C25941EFC337A00127FD2 /* HomeViewController.swift */,
				6CF8DA8A1EF9A5A5006B3DD9 /* CreateUsernameViewController.swift */,
				6C7EEF141EFAED70008C465B /* MainTabBarController.swift */,
				6C6C25A41EFC873D00127FD2 /* FindFriendsViewController.swift */,
			);
			name = "View Controllers";
			sourceTree = "<group>";
		};
		6CDD1E5F1EF87991004811A0 /* Storyboards */ = {
			isa = PBXGroup;
			children = (
				6C6C25AC1EFC894200127FD2 /* Main.storyboard */,
				6C9EAFE81F00C7BF0095B10C /* Profile.storyboard */,
				6C6C25AE1EFC896600127FD2 /* FindFriends.storyboard */,
				6C6C25921EFC313900127FD2 /* Home.storyboard */,
				6C7EEF121EFA3E5D008C465B /* LaunchScreen.storyboard */,
				6CDD1E611EF87C37004811A0 /* Login.storyboard */,
			);
			name = Storyboards;
			sourceTree = "<group>";
		};
		6CDD1E601EF879A4004811A0 /* Supporting Files */ = {
			isa = PBXGroup;
			children = (
				6CC8FFF81EF9D82A0001D472 /* Constants.swift */,
				6CDD1E5B1EF878B2004811A0 /* Info.plist */,
				6CDD1E5A1EF878B2004811A0 /* GoogleService-Info.plist */,
				6CF8DA881EF99292006B3DD9 /* User.swift */,
			);
			name = "Supporting Files";
			sourceTree = "<group>";
		};
		6CEF83B21EFB387700FE0390 /* Models */ = {
			isa = PBXGroup;
			children = (
				6CEF83B31EFB389C00FE0390 /* Post.swift */,
				6CADC46B1F6704D800047454 /* Chat.swift */,
			);
			name = Models;
			sourceTree = "<group>";
		};
/* End PBXGroup section */

/* Begin PBXNativeTarget section */
		6C0FAEA11EF86FF50085583E /* Makestagram */ = {
			isa = PBXNativeTarget;
			buildConfigurationList = 6C0FAEB41EF86FF50085583E /* Build configuration list for PBXNativeTarget "Makestagram" */;
			buildPhases = (
				CEE5421CB863449B1C53D89E /* [CP] Check Pods Manifest.lock */,
				6C0FAE9E1EF86FF50085583E /* Sources */,
				6C0FAE9F1EF86FF50085583E /* Frameworks */,
				6C0FAEA01EF86FF50085583E /* Resources */,
				CF78ABE71F2C3BABC8513EA3 /* [CP] Embed Pods Frameworks */,
				B7218E001C453BB33541A833 /* [CP] Copy Pods Resources */,
			);
			buildRules = (
			);
			dependencies = (
			);
			name = Makestagram;
			productName = Makestagram;
			productReference = 6C0FAEA21EF86FF50085583E /* Makestagram.app */;
			productType = "com.apple.product-type.application";
		};
/* End PBXNativeTarget section */

/* Begin PBXProject section */
		6C0FAE9A1EF86FF50085583E /* Project object */ = {
			isa = PBXProject;
			attributes = {
				LastSwiftUpdateCheck = 0830;
				LastUpgradeCheck = 0830;
				ORGANIZATIONNAME = "Make School";
				TargetAttributes = {
					6C0FAEA11EF86FF50085583E = {
						CreatedOnToolsVersion = 8.3.3;
						ProvisioningStyle = Automatic;
					};
				};
			};
			buildConfigurationList = 6C0FAE9D1EF86FF50085583E /* Build configuration list for PBXProject "Makestagram" */;
			compatibilityVersion = "Xcode 3.2";
			developmentRegion = English;
			hasScannedForEncodings = 0;
			knownRegions = (
				en,
				Base,
			);
			mainGroup = 6C0FAE991EF86FF50085583E;
			productRefGroup = 6C0FAEA31EF86FF50085583E /* Products */;
			projectDirPath = "";
			projectRoot = "";
			targets = (
				6C0FAEA11EF86FF50085583E /* Makestagram */,
			);
		};
/* End PBXProject section */

/* Begin PBXResourcesBuildPhase section */
		6C0FAEA01EF86FF50085583E /* Resources */ = {
			isa = PBXResourcesBuildPhase;
			buildActionMask = 2147483647;
			files = (
				6CDD1E5C1EF878B2004811A0 /* GoogleService-Info.plist in Resources */,
				6C9EAFE91F00C7BF0095B10C /* Profile.storyboard in Resources */,
				6C9EAFDA1F00B78F0095B10C /* OpenSans-ExtraBold.ttf in Resources */,
				6C9EAFDD1F00B78F0095B10C /* OpenSans-Light.ttf in Resources */,
				6C6C25AD1EFC894200127FD2 /* Main.storyboard in Resources */,
				6C6C25AF1EFC896600127FD2 /* FindFriends.storyboard in Resources */,
				6C9EAFDC1F00B78F0095B10C /* OpenSans-Italic.ttf in Resources */,
				6C9EAFDF1F00B78F0095B10C /* OpenSans-Regular.ttf in Resources */,
				6C0FAEAD1EF86FF50085583E /* Assets.xcassets in Resources */,
				6C9EAFD91F00B78F0095B10C /* OpenSans-BoldItalic.ttf in Resources */,
				6C7EEF131EFA3E5D008C465B /* LaunchScreen.storyboard in Resources */,
				6C9EAFE11F00B78F0095B10C /* OpenSans-SemiboldItalic.ttf in Resources */,
				6C9EAFDB1F00B78F0095B10C /* OpenSans-ExtraBoldItalic.ttf in Resources */,
				6C9EAFD81F00B78F0095B10C /* OpenSans-Bold.ttf in Resources */,
				6C6C25931EFC313900127FD2 /* Home.storyboard in Resources */,
				6CDD1E621EF87C37004811A0 /* Login.storyboard in Resources */,
				6C6C259D1EFC42C100127FD2 /* btn_heart_black_outline.png in Resources */,
				6C9EAFDE1F00B78F0095B10C /* OpenSans-LightItalic.ttf in Resources */,
				6C9EAFE01F00B78F0095B10C /* OpenSans-Semibold.ttf in Resources */,
			);
			runOnlyForDeploymentPostprocessing = 0;
		};
/* End PBXResourcesBuildPhase section */

/* Begin PBXShellScriptBuildPhase section */
		B7218E001C453BB33541A833 /* [CP] Copy Pods Resources */ = {
			isa = PBXShellScriptBuildPhase;
			buildActionMask = 2147483647;
			files = (
			);
			inputPaths = (
			);
			name = "[CP] Copy Pods Resources";
			outputPaths = (
			);
			runOnlyForDeploymentPostprocessing = 0;
			shellPath = /bin/sh;
			shellScript = "\"${SRCROOT}/Pods/Target Support Files/Pods-Makestagram/Pods-Makestagram-resources.sh\"\n";
			showEnvVarsInLog = 0;
		};
		CEE5421CB863449B1C53D89E /* [CP] Check Pods Manifest.lock */ = {
			isa = PBXShellScriptBuildPhase;
			buildActionMask = 2147483647;
			files = (
			);
			inputPaths = (
			);
			name = "[CP] Check Pods Manifest.lock";
			outputPaths = (
			);
			runOnlyForDeploymentPostprocessing = 0;
			shellPath = /bin/sh;
			shellScript = "diff \"${PODS_PODFILE_DIR_PATH}/Podfile.lock\" \"${PODS_ROOT}/Manifest.lock\" > /dev/null\nif [ $? != 0 ] ; then\n    # print error to STDERR\n    echo \"error: The sandbox is not in sync with the Podfile.lock. Run 'pod install' or update your CocoaPods installation.\" >&2\n    exit 1\nfi\n";
			showEnvVarsInLog = 0;
		};
		CF78ABE71F2C3BABC8513EA3 /* [CP] Embed Pods Frameworks */ = {
			isa = PBXShellScriptBuildPhase;
			buildActionMask = 2147483647;
			files = (
			);
			inputPaths = (
			);
			name = "[CP] Embed Pods Frameworks";
			outputPaths = (
			);
			runOnlyForDeploymentPostprocessing = 0;
			shellPath = /bin/sh;
			shellScript = "\"${SRCROOT}/Pods/Target Support Files/Pods-Makestagram/Pods-Makestagram-frameworks.sh\"\n";
			showEnvVarsInLog = 0;
		};
/* End PBXShellScriptBuildPhase section */

/* Begin PBXSourcesBuildPhase section */
		6C0FAE9E1EF86FF50085583E /* Sources */ = {
			isa = PBXSourcesBuildPhase;
			buildActionMask = 2147483647;
			files = (
				6C6C259A1EFC3FEB00127FD2 /* PostHeaderCell.swift in Sources */,
				6CDD1E641EF87D5A004811A0 /* LoginViewController.swift in Sources */,
				6C9EAFE31F00BA630095B10C /* UIColor+Utility.swift in Sources */,
				6C7EEF171EFAF768008C465B /* MGPhotoHelper.swift in Sources */,
				6CC8FFF71EF9D0610001D472 /* UserServices.swift in Sources */,
				6C9EAFCA1EFF85270095B10C /* UITableView+Utility.swift in Sources */,
				6CEF83B41EFB389C00FE0390 /* Post.swift in Sources */,
				6C9EAFED1F00CC660095B10C /* ProfileHeaderView.swift in Sources */,
				6CEF83B61EFB3C3900FE0390 /* UIImage+Size.swift in Sources */,
				6C6C25A51EFC873D00127FD2 /* FindFriendsViewController.swift in Sources */,
				6C6C25A31EFC83B400127FD2 /* FollowService.swift in Sources */,
				6C6C25951EFC337A00127FD2 /* HomeViewController.swift in Sources */,
				6C7EEF151EFAED70008C465B /* MainTabBarController.swift in Sources */,
				6C9EAFCC1F0085730095B10C /* MGPaginationHelper.swift in Sources */,
				6C6C25B11EFC8BCB00127FD2 /* FindFriendsCell.swift in Sources */,
				6C9EAFEB1F00C9360095B10C /* PostThumbImageCell.swift in Sources */,
				6C6C25981EFC397200127FD2 /* PostImageCell.swift in Sources */,
				6C9EAFE51F00BB7F0095B10C /* UIFont+Utility.swift in Sources */,
				6C7EEF111EFA3A9D008C465B /* Storyboard+Utility.swift in Sources */,
				6C6C25A11EFC6A6800127FD2 /* LikeService.swift in Sources */,
				6C9EAFE71F00C6140095B10C /* ProfileViewController.swift in Sources */,
				6C7EEF1C1EFB32A8008C465B /* PostService.swift in Sources */,
				6C7EEF1A1EFB318B008C465B /* StorageService.swift in Sources */,
				6C9EAFC81EFE286D0095B10C /* DatabaseReference+Location.swift in Sources */,
				6CEF83B81EFB3CF200FE0390 /* StorageReference+Post.swift in Sources */,
				6CF8DA891EF99292006B3DD9 /* User.swift in Sources */,
				6CC8FFF91EF9D82A0001D472 /* Constants.swift in Sources */,
				6C6C259F1EFC476E00127FD2 /* PostActionCell.swift in Sources */,
				6CF8DA8B1EF9A5A5006B3DD9 /* CreateUsernameViewController.swift in Sources */,
				6C0FAEA61EF86FF50085583E /* AppDelegate.swift in Sources */,
				6CADC46C1F6704D800047454 /* Chat.swift in Sources */,
			);
			runOnlyForDeploymentPostprocessing = 0;
		};
/* End PBXSourcesBuildPhase section */

/* Begin XCBuildConfiguration section */
		6C0FAEB21EF86FF50085583E /* Debug */ = {
			isa = XCBuildConfiguration;
			buildSettings = {
				ALWAYS_SEARCH_USER_PATHS = NO;
				CLANG_ANALYZER_NONNULL = YES;
				CLANG_ANALYZER_NUMBER_OBJECT_CONVERSION = YES_AGGRESSIVE;
				CLANG_CXX_LANGUAGE_STANDARD = "gnu++0x";
				CLANG_CXX_LIBRARY = "libc++";
				CLANG_ENABLE_MODULES = YES;
				CLANG_ENABLE_OBJC_ARC = YES;
				CLANG_WARN_BOOL_CONVERSION = YES;
				CLANG_WARN_CONSTANT_CONVERSION = YES;
				CLANG_WARN_DIRECT_OBJC_ISA_USAGE = YES_ERROR;
				CLANG_WARN_DOCUMENTATION_COMMENTS = YES;
				CLANG_WARN_EMPTY_BODY = YES;
				CLANG_WARN_ENUM_CONVERSION = YES;
				CLANG_WARN_INFINITE_RECURSION = YES;
				CLANG_WARN_INT_CONVERSION = YES;
				CLANG_WARN_OBJC_ROOT_CLASS = YES_ERROR;
				CLANG_WARN_SUSPICIOUS_MOVE = YES;
				CLANG_WARN_UNREACHABLE_CODE = YES;
				CLANG_WARN__DUPLICATE_METHOD_MATCH = YES;
				"CODE_SIGN_IDENTITY[sdk=iphoneos*]" = "iPhone Developer";
				COPY_PHASE_STRIP = NO;
				DEBUG_INFORMATION_FORMAT = dwarf;
				ENABLE_STRICT_OBJC_MSGSEND = YES;
				ENABLE_TESTABILITY = YES;
				GCC_C_LANGUAGE_STANDARD = gnu99;
				GCC_DYNAMIC_NO_PIC = NO;
				GCC_NO_COMMON_BLOCKS = YES;
				GCC_OPTIMIZATION_LEVEL = 0;
				GCC_PREPROCESSOR_DEFINITIONS = (
					"DEBUG=1",
					"$(inherited)",
				);
				GCC_WARN_64_TO_32_BIT_CONVERSION = YES;
				GCC_WARN_ABOUT_RETURN_TYPE = YES_ERROR;
				GCC_WARN_UNDECLARED_SELECTOR = YES;
				GCC_WARN_UNINITIALIZED_AUTOS = YES_AGGRESSIVE;
				GCC_WARN_UNUSED_FUNCTION = YES;
				GCC_WARN_UNUSED_VARIABLE = YES;
				IPHONEOS_DEPLOYMENT_TARGET = 10.3;
				MTL_ENABLE_DEBUG_INFO = YES;
				ONLY_ACTIVE_ARCH = YES;
				SDKROOT = iphoneos;
				SWIFT_ACTIVE_COMPILATION_CONDITIONS = DEBUG;
				SWIFT_OPTIMIZATION_LEVEL = "-Onone";
			};
			name = Debug;
		};
		6C0FAEB31EF86FF50085583E /* Release */ = {
			isa = XCBuildConfiguration;
			buildSettings = {
				ALWAYS_SEARCH_USER_PATHS = NO;
				CLANG_ANALYZER_NONNULL = YES;
				CLANG_ANALYZER_NUMBER_OBJECT_CONVERSION = YES_AGGRESSIVE;
				CLANG_CXX_LANGUAGE_STANDARD = "gnu++0x";
				CLANG_CXX_LIBRARY = "libc++";
				CLANG_ENABLE_MODULES = YES;
				CLANG_ENABLE_OBJC_ARC = YES;
				CLANG_WARN_BOOL_CONVERSION = YES;
				CLANG_WARN_CONSTANT_CONVERSION = YES;
				CLANG_WARN_DIRECT_OBJC_ISA_USAGE = YES_ERROR;
				CLANG_WARN_DOCUMENTATION_COMMENTS = YES;
				CLANG_WARN_EMPTY_BODY = YES;
				CLANG_WARN_ENUM_CONVERSION = YES;
				CLANG_WARN_INFINITE_RECURSION = YES;
				CLANG_WARN_INT_CONVERSION = YES;
				CLANG_WARN_OBJC_ROOT_CLASS = YES_ERROR;
				CLANG_WARN_SUSPICIOUS_MOVE = YES;
				CLANG_WARN_UNREACHABLE_CODE = YES;
				CLANG_WARN__DUPLICATE_METHOD_MATCH = YES;
				"CODE_SIGN_IDENTITY[sdk=iphoneos*]" = "iPhone Developer";
				COPY_PHASE_STRIP = NO;
				DEBUG_INFORMATION_FORMAT = "dwarf-with-dsym";
				ENABLE_NS_ASSERTIONS = NO;
				ENABLE_STRICT_OBJC_MSGSEND = YES;
				GCC_C_LANGUAGE_STANDARD = gnu99;
				GCC_NO_COMMON_BLOCKS = YES;
				GCC_WARN_64_TO_32_BIT_CONVERSION = YES;
				GCC_WARN_ABOUT_RETURN_TYPE = YES_ERROR;
				GCC_WARN_UNDECLARED_SELECTOR = YES;
				GCC_WARN_UNINITIALIZED_AUTOS = YES_AGGRESSIVE;
				GCC_WARN_UNUSED_FUNCTION = YES;
				GCC_WARN_UNUSED_VARIABLE = YES;
				IPHONEOS_DEPLOYMENT_TARGET = 10.3;
				MTL_ENABLE_DEBUG_INFO = NO;
				SDKROOT = iphoneos;
				SWIFT_OPTIMIZATION_LEVEL = "-Owholemodule";
				VALIDATE_PRODUCT = YES;
			};
			name = Release;
		};
		6C0FAEB51EF86FF50085583E /* Debug */ = {
			isa = XCBuildConfiguration;
			baseConfigurationReference = BE4019C993B2CED5D217AAB2 /* Pods-Makestagram.debug.xcconfig */;
			buildSettings = {
				ASSETCATALOG_COMPILER_APPICON_NAME = AppIcon;
				INFOPLIST_FILE = "$(SRCROOT)/Makestagram/Supporting/Info.plist";
				LD_RUNPATH_SEARCH_PATHS = "$(inherited) @executable_path/Frameworks";
				PRODUCT_BUNDLE_IDENTIFIER = "com.Melody-Yang.Makestagram";
				PRODUCT_NAME = "$(TARGET_NAME)";
				SWIFT_VERSION = 3.0;
			};
			name = Debug;
		};
		6C0FAEB61EF86FF50085583E /* Release */ = {
			isa = XCBuildConfiguration;
			baseConfigurationReference = 48A0219BC15ABB4EAAE5BE18 /* Pods-Makestagram.release.xcconfig */;
			buildSettings = {
				ASSETCATALOG_COMPILER_APPICON_NAME = AppIcon;
				INFOPLIST_FILE = "$(SRCROOT)/Makestagram/Supporting/Info.plist";
				LD_RUNPATH_SEARCH_PATHS = "$(inherited) @executable_path/Frameworks";
				PRODUCT_BUNDLE_IDENTIFIER = "com.Melody-Yang.Makestagram";
				PRODUCT_NAME = "$(TARGET_NAME)";
				SWIFT_VERSION = 3.0;
			};
			name = Release;
		};
/* End XCBuildConfiguration section */

/* Begin XCConfigurationList section */
		6C0FAE9D1EF86FF50085583E /* Build configuration list for PBXProject "Makestagram" */ = {
			isa = XCConfigurationList;
			buildConfigurations = (
				6C0FAEB21EF86FF50085583E /* Debug */,
				6C0FAEB31EF86FF50085583E /* Release */,
			);
			defaultConfigurationIsVisible = 0;
			defaultConfigurationName = Release;
		};
		6C0FAEB41EF86FF50085583E /* Build configuration list for PBXNativeTarget "Makestagram" */ = {
			isa = XCConfigurationList;
			buildConfigurations = (
				6C0FAEB51EF86FF50085583E /* Debug */,
				6C0FAEB61EF86FF50085583E /* Release */,
			);
			defaultConfigurationIsVisible = 0;
			defaultConfigurationName = Release;
		};
/* End XCConfigurationList section */
	};
	rootObject = 6C0FAE9A1EF86FF50085583E /* Project object */;
}
